
Microsoft Visual Studio Solution File, Format Version 12.00
# Visual Studio Version 17
VisualStudioVersion = 17.0.32014.148
MinimumVisualStudioVersion = 10.0.40219.1
Project("{9A19103F-16F7-4668-BE54-9A1E7A4F7556}") = "BookingCar.Core", "BookingCar.Core\BookingCar.Core.csproj", "{458FE99D-4E6A-4DC6-AF0F-EAB26E3239E4}"
EndProject
Project("{9A19103F-16F7-4668-BE54-9A1E7A4F7556}") = "BookingCar.DataAccess", "BookingCar.DataAccess\BookingCar.DataAccess.csproj", "{711A8205-1DEA-4D48-B03A-9808CE24DF3F}"
EndProject
Project("{9A19103F-16F7-4668-BE54-9A1E7A4F7556}") = "BookingCar.WebApp", "BookingCar.WebApp\BookingCar.WebApp.csproj", "{355A38F6-0AFA-4BBF-946F-2AD71242233B}"
EndProject
Project("{9A19103F-16F7-4668-BE54-9A1E7A4F7556}") = "BookingCar.Service", "BookingCar.Service\BookingCar.Service.csproj", "{6F62BFF2-068A-4F63-B726-26930ADE12CF}"
EndProject
Global
	GlobalSection(SolutionConfigurationPlatforms) = preSolution
		Debug|Any CPU = Debug|Any CPU
		Release|Any CPU = Release|Any CPU
	EndGlobalSection
	GlobalSection(ProjectConfigurationPlatforms) = postSolution
		{458FE99D-4E6A-4DC6-AF0F-EAB26E3239E4}.Debug|Any CPU.ActiveCfg = Debug|Any CPU
		{458FE99D-4E6A-4DC6-AF0F-EAB26E3239E4}.Debug|Any CPU.Build.0 = Debug|Any CPU
		{458FE99D-4E6A-4DC6-AF0F-EAB26E3239E4}.Release|Any CPU.ActiveCfg = Release|Any CPU
		{458FE99D-4E6A-4DC6-AF0F-EAB26E3239E4}.Release|Any CPU.Build.0 = Release|Any CPU
		{711A8205-1DEA-4D48-B03A-9808CE24DF3F}.Debug|Any CPU.ActiveCfg = Debug|Any CPU
		{711A8205-1DEA-4D48-B03A-9808CE24DF3F}.Debug|Any CPU.Build.0 = Debug|Any CPU
		{711A8205-1DEA-4D48-B03A-9808CE24DF3F}.Release|Any CPU.ActiveCfg = Release|Any CPU
		{711A8205-1DEA-4D48-B03A-9808CE24DF3F}.Release|Any CPU.Build.0 = Release|Any CPU
		{355A38F6-0AFA-4BBF-946F-2AD71242233B}.Debug|Any CPU.ActiveCfg = Debug|Any CPU
		{355A38F6-0AFA-4BBF-946F-2AD71242233B}.Debug|Any CPU.Build.0 = Debug|Any CPU
		{355A38F6-0AFA-4BBF-946F-2AD71242233B}.Release|Any CPU.ActiveCfg = Release|Any CPU
		{355A38F6-0AFA-4BBF-946F-2AD71242233B}.Release|Any CPU.Build.0 = Release|Any CPU
		{6F62BFF2-068A-4F63-B726-26930ADE12CF}.Debug|Any CPU.ActiveCfg = Debug|Any CPU
		{6F62BFF2-068A-4F63-B726-26930ADE12CF}.Debug|Any CPU.Build.0 = Debug|Any CPU
		{6F62BFF2-068A-4F63-B726-26930ADE12CF}.Release|Any CPU.ActiveCfg = Release|Any CPU
		{6F62BFF2-068A-4F63-B726-26930ADE12CF}.Release|Any CPU.Build.0 = Release|Any CPU
	EndGlobalSection
	GlobalSection(SolutionProperties) = preSolution
		HideSolutionNode = FALSE
	EndGlobalSection
	GlobalSection(ExtensibilityGlobals) = postSolution
		SolutionGuid = {623C2A76-B30A-4400-B894-CDE44E325FD1}
	EndGlobalSection
EndGlobal
